
Microsoft Visual Studio Solution File, Format Version 12.00
# Visual Studio 15
VisualStudioVersion = 15.0.28307.1585
MinimumVisualStudioVersion = 10.0.40219.1
Project("{FAE04EC0-301F-11D3-BF4B-00C04F79EFBC}") = "sniffer", "sniffer.csproj", "{27A3FA32-0E26-4F68-99EE-589A471C1D27}"
EndProject
Global
	GlobalSection(SolutionConfigurationPlatforms) = preSolution
		Debug|Any CPU = Debug|Any CPU
		Release|Any CPU = Release|Any CPU
	EndGlobalSection
	GlobalSection(ProjectConfigurationPlatforms) = postSolution
		{27A3FA32-0E26-4F68-99EE-589A471C1D27}.Debug|Any CPU.ActiveCfg = Debug|Any CPU
		{27A3FA32-0E26-4F68-99EE-589A471C1D27}.Debug|Any CPU.Build.0 = Debug|Any CPU
		{27A3FA32-0E26-4F68-99EE-589A471C1D27}.Release|Any CPU.ActiveCfg = Release|Any CPU
		{27A3FA32-0E26-4F68-99EE-589A471C1D27}.Release|Any CPU.Build.0 = Release|Any CPU
	EndGlobalSection
	GlobalSection(SolutionProperties) = preSolution
		HideSolutionNode = FALSE
	EndGlobalSection
	GlobalSection(ExtensibilityGlobals) = postSolution
		SolutionGuid = {BEF32818-732E-473F-A569-BF4DA24E9AB7}
	EndGlobalSection
EndGlobal
